
Microsoft Visual Studio Solution File, Format Version 12.00
# Visual Studio Version 16
VisualStudioVersion = 16.0.29409.12
MinimumVisualStudioVersion = 10.0.40219.1
Project("{FAE04EC0-301F-11D3-BF4B-00C04F79EFBC}") = "MVC-VisitorsPass", "MVC-VisitorsPass\MVC-VisitorsPass.csproj", "{1758CF41-F7F0-446A-BE1C-A47FA090FF09}"
EndProject
Project("{FAE04EC0-301F-11D3-BF4B-00C04F79EFBC}") = "WebAPI-VisitorsPass", "WebAPI-VisitorsPass\WebAPI-VisitorsPass.csproj", "{A8E3A9C3-4B18-454D-9458-CAE52FBDE878}"
EndProject
Global
	GlobalSection(SolutionConfigurationPlatforms) = preSolution
		Debug|Any CPU = Debug|Any CPU
		Release|Any CPU = Release|Any CPU
	EndGlobalSection
	GlobalSection(ProjectConfigurationPlatforms) = postSolution
		{1758CF41-F7F0-446A-BE1C-A47FA090FF09}.Debug|Any CPU.ActiveCfg = Debug|Any CPU
		{1758CF41-F7F0-446A-BE1C-A47FA090FF09}.Debug|Any CPU.Build.0 = Debug|Any CPU
		{1758CF41-F7F0-446A-BE1C-A47FA090FF09}.Release|Any CPU.ActiveCfg = Release|Any CPU
		{1758CF41-F7F0-446A-BE1C-A47FA090FF09}.Release|Any CPU.Build.0 = Release|Any CPU
		{A8E3A9C3-4B18-454D-9458-CAE52FBDE878}.Debug|Any CPU.ActiveCfg = Debug|Any CPU
		{A8E3A9C3-4B18-454D-9458-CAE52FBDE878}.Debug|Any CPU.Build.0 = Debug|Any CPU
		{A8E3A9C3-4B18-454D-9458-CAE52FBDE878}.Release|Any CPU.ActiveCfg = Release|Any CPU
		{A8E3A9C3-4B18-454D-9458-CAE52FBDE878}.Release|Any CPU.Build.0 = Release|Any CPU
	EndGlobalSection
	GlobalSection(SolutionProperties) = preSolution
		HideSolutionNode = FALSE
	EndGlobalSection
	GlobalSection(ExtensibilityGlobals) = postSolution
		SolutionGuid = {4C4904EB-DF57-4227-A3D0-6BC281A0FF93}
	EndGlobalSection
EndGlobal
